// !$*UTF8*$!
{
	archiveVersion = 1;
	classes = {
	};
	objectVersion = 77;
	objects = {

/* Begin PBXContainerItemProxy section */
		4D40BD932D67202800AB781E /* PBXContainerItemProxy */ = {
			isa = PBXContainerItemProxy;
			containerPortal = 4D40BD772D67202600AB781E /* Project object */;
			proxyType = 1;
			remoteGlobalIDString = 4D40BD7E2D67202600AB781E;
			remoteInfo = xai;
		};
		4D40BD9D2D67202800AB781E /* PBXContainerItemProxy */ = {
			isa = PBXContainerItemProxy;
			containerPortal = 4D40BD772D67202600AB781E /* Project object */;
			proxyType = 1;
			remoteGlobalIDString = 4D40BD7E2D67202600AB781E;
			remoteInfo = xai;
		};
/* End PBXContainerItemProxy section */

/* Begin PBXFileReference section */
		4D40BD7F2D67202600AB781E /* xai.app */ = {isa = PBXFileReference; explicitFileType = wrapper.application; includeInIndex = 0; path = xai.app; sourceTree = BUILT_PRODUCTS_DIR; };
		4D40BD922D67202800AB781E /* xaiTests.xctest */ = {isa = PBXFileReference; explicitFileType = wrapper.cfbundle; includeInIndex = 0; path = xaiTests.xctest; sourceTree = BUILT_PRODUCTS_DIR; };
		4D40BD9C2D67202800AB781E /* xaiUITests.xctest */ = {isa = PBXFileReference; explicitFileType = wrapper.cfbundle; includeInIndex = 0; path = xaiUITests.xctest; sourceTree = BUILT_PRODUCTS_DIR; };
/* End PBXFileReference section */

/* Begin PBXFileSystemSynchronizedRootGroup section */
		4D40BD812D67202600AB781E /* xai */ = {
			isa = PBXFileSystemSynchronizedRootGroup;
			path = xai;
			sourceTree = "<group>";
		};
		4D40BD952D67202800AB781E /* xaiTests */ = {
			isa = PBXFileSystemSynchronizedRootGroup;
			path = xaiTests;
			sourceTree = "<group>";
		};
		4D40BD9F2D67202800AB781E /* xaiUITests */ = {
			isa = PBXFileSystemSynchronizedRootGroup;
			path = xaiUITests;
			sourceTree = "<group>";
		};
/* End PBXFileSystemSynchronizedRootGroup section */

/* Begin PBXFrameworksBuildPhase section */
		4D40BD7C2D67202600AB781E /* Frameworks */ = {
			isa = PBXFrameworksBuildPhase;
			buildActionMask = 2147483647;
			files = (
			);
			runOnlyForDeploymentPostprocessing = 0;
		};
		4D40BD8F2D67202800AB781E /* Frameworks */ = {
			isa = PBXFrameworksBuildPhase;
			buildActionMask = 2147483647;
			files = (
			);
			runOnlyForDeploymentPostprocessing = 0;
		};
		4D40BD992D67202800AB781E /* Frameworks */ = {
			isa = PBXFrameworksBuildPhase;
			buildActionMask = 2147483647;
			files = (
			);
			runOnlyForDeploymentPostprocessing = 0;
		};
/* End PBXFrameworksBuildPhase section */

/* Begin PBXGroup section */
		4D40BD762D67202600AB781E = {
			isa = PBXGroup;
			children = (
				4D40BD812D67202600AB781E /* xai */,
				4D40BD952D67202800AB781E /* xaiTests */,
				4D40BD9F2D67202800AB781E /* xaiUITests */,
				4D40BD802D67202600AB781E /* Products */,
			);
			sourceTree = "<group>";
		};
		4D40BD802D67202600AB781E /* Products */ = {
			isa = PBXGroup;
			children = (
				4D40BD7F2D67202600AB781E /* xai.app */,
				4D40BD922D67202800AB781E /* xaiTests.xctest */,
				4D40BD9C2D67202800AB781E /* xaiUITests.xctest */,
			);
			name = Products;
			sourceTree = "<group>";
		};
/* End PBXGroup section */

/* Begin PBXNativeTarget section */
		4D40BD7E2D67202600AB781E /* xai */ = {
			isa = PBXNativeTarget;
			buildConfigurationList = 4D40BDA62D67202800AB781E /* Build configuration list for PBXNativeTarget "xai" */;
			buildPhases = (
				4D40BD7B2D67202600AB781E /* Sources */,
				4D40BD7C2D67202600AB781E /* Frameworks */,
				4D40BD7D2D67202600AB781E /* Resources */,
			);
			buildRules = (
			);
			dependencies = (
			);
			fileSystemSynchronizedGroups = (
				4D40BD812D67202600AB781E /* xai */,
			);
			name = xai;
			packageProductDependencies = (
			);
			productName = xai;
			productReference = 4D40BD7F2D67202600AB781E /* xai.app */;
			productType = "com.apple.product-type.application";
		};
		4D40BD912D67202800AB781E /* xaiTests */ = {
			isa = PBXNativeTarget;
			buildConfigurationList = 4D40BDA92D67202800AB781E /* Build configuration list for PBXNativeTarget "xaiTests" */;
			buildPhases = (
				4D40BD8E2D67202800AB781E /* Sources */,
				4D40BD8F2D67202800AB781E /* Frameworks */,
				4D40BD902D67202800AB781E /* Resources */,
			);
			buildRules = (
			);
			dependencies = (
				4D40BD942D67202800AB781E /* PBXTargetDependency */,
			);
			fileSystemSynchronizedGroups = (
				4D40BD952D67202800AB781E /* xaiTests */,
			);
			name = xaiTests;
			packageProductDependencies = (
			);
			productName = xaiTests;
			productReference = 4D40BD922D67202800AB781E /* xaiTests.xctest */;
			productType = "com.apple.product-type.bundle.unit-test";
		};
		4D40BD9B2D67202800AB781E /* xaiUITests */ = {
			isa = PBXNativeTarget;
			buildConfigurationList = 4D40BDAC2D67202800AB781E /* Build configuration list for PBXNativeTarget "xaiUITests" */;
			buildPhases = (
				4D40BD982D67202800AB781E /* Sources */,
				4D40BD992D67202800AB781E /* Frameworks */,
				4D40BD9A2D67202800AB781E /* Resources */,
			);
			buildRules = (
			);
			dependencies = (
				4D40BD9E2D67202800AB781E /* PBXTargetDependency */,
			);
			fileSystemSynchronizedGroups = (
				4D40BD9F2D67202800AB781E /* xaiUITests */,
			);
			name = xaiUITests;
			packageProductDependencies = (
			);
			productName = xaiUITests;
			productReference = 4D40BD9C2D67202800AB781E /* xaiUITests.xctest */;
			productType = "com.apple.product-type.bundle.ui-testing";
		};
/* End PBXNativeTarget section */

/* Begin PBXProject section */
		4D40BD772D67202600AB781E /* Project object */ = {
			isa = PBXProject;
			attributes = {
				BuildIndependentTargetsInParallel = 1;
				LastSwiftUpdateCheck = 1620;
				LastUpgradeCheck = 1620;
				TargetAttributes = {
					4D40BD7E2D67202600AB781E = {
						CreatedOnToolsVersion = 16.2;
					};
					4D40BD912D67202800AB781E = {
						CreatedOnToolsVersion = 16.2;
						TestTargetID = 4D40BD7E2D67202600AB781E;
					};
					4D40BD9B2D67202800AB781E = {
						CreatedOnToolsVersion = 16.2;
						TestTargetID = 4D40BD7E2D67202600AB781E;
					};
				};
			};
			buildConfigurationList = 4D40BD7A2D67202600AB781E /* Build configuration list for PBXProject "xai" */;
			developmentRegion = en;
			hasScannedForEncodings = 0;
			knownRegions = (
				en,
				Base,
			);
			mainGroup = 4D40BD762D67202600AB781E;
			minimizedProjectReferenceProxies = 1;
			preferredProjectObjectVersion = 77;
			productRefGroup = 4D40BD802D67202600AB781E /* Products */;
			projectDirPath = "";
			projectRoot = "";
			targets = (
				4D40BD7E2D67202600AB781E /* xai */,
				4D40BD912D67202800AB781E /* xaiTests */,
				4D40BD9B2D67202800AB781E /* xaiUITests */,
			);
		};
/* End PBXProject section */

/* Begin PBXResourcesBuildPhase section */
		4D40BD7D2D67202600AB781E /* Resources */ = {
			isa = PBXResourcesBuildPhase;
			buildActionMask = 2147483647;
			files = (
			);
			runOnlyForDeploymentPostprocessing = 0;
		};
		4D40BD902D67202800AB781E /* Resources */ = {
			isa = PBXResourcesBuildPhase;
			buildActionMask = 2147483647;
			files = (
			);
			runOnlyForDeploymentPostprocessing = 0;
		};
		4D40BD9A2D67202800AB781E /* Resources */ = {
			isa = PBXResourcesBuildPhase;
			buildActionMask = 2147483647;
			files = (
			);
			runOnlyForDeploymentPostprocessing = 0;
		};
/* End PBXResourcesBuildPhase section */

/* Begin PBXSourcesBuildPhase section */
		4D40BD7B2D67202600AB781E /* Sources */ = {
			isa = PBXSourcesBuildPhase;
			buildActionMask = 2147483647;
			files = (
			);
			runOnlyForDeploymentPostprocessing = 0;
		};
		4D40BD8E2D67202800AB781E /* Sources */ = {
			isa = PBXSourcesBuildPhase;
			buildActionMask = 2147483647;
			files = (
			);
			runOnlyForDeploymentPostprocessing = 0;
		};
		4D40BD982D67202800AB781E /* Sources */ = {
			isa = PBXSourcesBuildPhase;
			buildActionMask = 2147483647;
			files = (
			);
			runOnlyForDeploymentPostprocessing = 0;
		};
/* End PBXSourcesBuildPhase section */

/* Begin PBXTargetDependency section */
		4D40BD942D67202800AB781E /* PBXTargetDependency */ = {
			isa = PBXTargetDependency;
			target = 4D40BD7E2D67202600AB781E /* xai */;
			targetProxy = 4D40BD932D67202800AB781E /* PBXContainerItemProxy */;
		};
		4D40BD9E2D67202800AB781E /* PBXTargetDependency */ = {
			isa = PBXTargetDependency;
			target = 4D40BD7E2D67202600AB781E /* xai */;
			targetProxy = 4D40BD9D2D67202800AB781E /* PBXContainerItemProxy */;
		};
/* End PBXTargetDependency section */

/* Begin XCBuildConfiguration section */
		4D40BDA42D67202800AB781E /* Debug */ = {
			isa = XCBuildConfiguration;
			buildSettings = {
				ALWAYS_SEARCH_USER_PATHS = NO;
				ASSETCATALOG_COMPILER_GENERATE_SWIFT_ASSET_SYMBOL_EXTENSIONS = YES;
				CLANG_ANALYZER_NONNULL = YES;
				CLANG_ANALYZER_NUMBER_OBJECT_CONVERSION = YES_AGGRESSIVE;
				CLANG_CXX_LANGUAGE_STANDARD = "gnu++20";
				CLANG_ENABLE_MODULES = YES;
				CLANG_ENABLE_OBJC_ARC = YES;
				CLANG_ENABLE_OBJC_WEAK = YES;
				CLANG_WARN_BLOCK_CAPTURE_AUTORELEASING = YES;
				CLANG_WARN_BOOL_CONVERSION = YES;
				CLANG_WARN_COMMA = YES;
				CLANG_WARN_CONSTANT_CONVERSION = YES;
				CLANG_WARN_DEPRECATED_OBJC_IMPLEMENTATIONS = YES;
				CLANG_WARN_DIRECT_OBJC_ISA_USAGE = YES_ERROR;
				CLANG_WARN_DOCUMENTATION_COMMENTS = YES;
				CLANG_WARN_EMPTY_BODY = YES;
				CLANG_WARN_ENUM_CONVERSION = YES;
				CLANG_WARN_INFINITE_RECURSION = YES;
				CLANG_WARN_INT_CONVERSION = YES;
				CLANG_WARN_NON_LITERAL_NULL_CONVERSION = YES;
				CLANG_WARN_OBJC_IMPLICIT_RETAIN_SELF = YES;
				CLANG_WARN_OBJC_LITERAL_CONVERSION = YES;
				CLANG_WARN_OBJC_ROOT_CLASS = YES_ERROR;
				CLANG_WARN_QUOTED_INCLUDE_IN_FRAMEWORK_HEADER = YES;
				CLANG_WARN_RANGE_LOOP_ANALYSIS = YES;
				CLANG_WARN_STRICT_PROTOTYPES = YES;
				CLANG_WARN_SUSPICIOUS_MOVE = YES;
				CLANG_WARN_UNGUARDED_AVAILABILITY = YES_AGGRESSIVE;
				CLANG_WARN_UNREACHABLE_CODE = YES;
				CLANG_WARN__DUPLICATE_METHOD_MATCH = YES;
				COPY_PHASE_STRIP = NO;
				DEBUG_INFORMATION_FORMAT = dwarf;
				ENABLE_STRICT_OBJC_MSGSEND = YES;
				ENABLE_TESTABILITY = YES;
				ENABLE_USER_SCRIPT_SANDBOXING = YES;
				GCC_C_LANGUAGE_STANDARD = gnu17;
				GCC_DYNAMIC_NO_PIC = NO;
				GCC_NO_COMMON_BLOCKS = YES;
				GCC_OPTIMIZATION_LEVEL = 0;
				GCC_PREPROCESSOR_DEFINITIONS = (
					"DEBUG=1",
					"$(inherited)",
				);
				GCC_WARN_64_TO_32_BIT_CONVERSION = YES;
				GCC_WARN_ABOUT_RETURN_TYPE = YES_ERROR;
				GCC_WARN_UNDECLARED_SELECTOR = YES;
				GCC_WARN_UNINITIALIZED_AUTOS = YES_AGGRESSIVE;
				GCC_WARN_UNUSED_FUNCTION = YES;
				GCC_WARN_UNUSED_VARIABLE = YES;
				LOCALIZATION_PREFERS_STRING_CATALOGS = YES;
				MACOSX_DEPLOYMENT_TARGET = 15.2;
				MTL_ENABLE_DEBUG_INFO = INCLUDE_SOURCE;
				MTL_FAST_MATH = YES;
				ONLY_ACTIVE_ARCH = YES;
				SDKROOT = macosx;
				SWIFT_ACTIVE_COMPILATION_CONDITIONS = "DEBUG $(inherited)";
				SWIFT_OPTIMIZATION_LEVEL = "-Onone";
			};
			name = Debug;
		};
		4D40BDA52D67202800AB781E /* Release */ = {
			isa = XCBuildConfiguration;
			buildSettings = {
				ALWAYS_SEARCH_USER_PATHS = NO;
				ASSETCATALOG_COMPILER_GENERATE_SWIFT_ASSET_SYMBOL_EXTENSIONS = YES;
				CLANG_ANALYZER_NONNULL = YES;
				CLANG_ANALYZER_NUMBER_OBJECT_CONVERSION = YES_AGGRESSIVE;
				CLANG_CXX_LANGUAGE_STANDARD = "gnu++20";
				CLANG_ENABLE_MODULES = YES;
				CLANG_ENABLE_OBJC_ARC = YES;
				CLANG_ENABLE_OBJC_WEAK = YES;
				CLANG_WARN_BLOCK_CAPTURE_AUTORELEASING = YES;
				CLANG_WARN_BOOL_CONVERSION = YES;
				CLANG_WARN_COMMA = YES;
				CLANG_WARN_CONSTANT_CONVERSION = YES;
				CLANG_WARN_DEPRECATED_OBJC_IMPLEMENTATIONS = YES;
				CLANG_WARN_DIRECT_OBJC_ISA_USAGE = YES_ERROR;
				CLANG_WARN_DOCUMENTATION_COMMENTS = YES;
				CLANG_WARN_EMPTY_BODY = YES;
				CLANG_WARN_ENUM_CONVERSION = YES;
				CLANG_WARN_INFINITE_RECURSION = YES;
				CLANG_WARN_INT_CONVERSION = YES;
				CLANG_WARN_NON_LITERAL_NULL_CONVERSION = YES;
				CLANG_WARN_OBJC_IMPLICIT_RETAIN_SELF = YES;
				CLANG_WARN_OBJC_LITERAL_CONVERSION = YES;
				CLANG_WARN_OBJC_ROOT_CLASS = YES_ERROR;
				CLANG_WARN_QUOTED_INCLUDE_IN_FRAMEWORK_HEADER = YES;
				CLANG_WARN_RANGE_LOOP_ANALYSIS = YES;
				CLANG_WARN_STRICT_PROTOTYPES = YES;
				CLANG_WARN_SUSPICIOUS_MOVE = YES;
				CLANG_WARN_UNGUARDED_AVAILABILITY = YES_AGGRESSIVE;
				CLANG_WARN_UNREACHABLE_CODE = YES;
				CLANG_WARN__DUPLICATE_METHOD_MATCH = YES;
				COPY_PHASE_STRIP = NO;
				DEBUG_INFORMATION_FORMAT = "dwarf-with-dsym";
				ENABLE_NS_ASSERTIONS = NO;
				ENABLE_STRICT_OBJC_MSGSEND = YES;
				ENABLE_USER_SCRIPT_SANDBOXING = YES;
				GCC_C_LANGUAGE_STANDARD = gnu17;
				GCC_NO_COMMON_BLOCKS = YES;
				GCC_WARN_64_TO_32_BIT_CONVERSION = YES;
				GCC_WARN_ABOUT_RETURN_TYPE = YES_ERROR;
				GCC_WARN_UNDECLARED_SELECTOR = YES;
				GCC_WARN_UNINITIALIZED_AUTOS = YES_AGGRESSIVE;
				GCC_WARN_UNUSED_FUNCTION = YES;
				GCC_WARN_UNUSED_VARIABLE = YES;
				LOCALIZATION_PREFERS_STRING_CATALOGS = YES;
				MACOSX_DEPLOYMENT_TARGET = 15.2;
				MTL_ENABLE_DEBUG_INFO = NO;
				MTL_FAST_MATH = YES;
				SDKROOT = macosx;
				SWIFT_COMPILATION_MODE = wholemodule;
			};
			name = Release;
		};
		4D40BDA72D67202800AB781E /* Debug */ = {
			isa = XCBuildConfiguration;
			buildSettings = {
				ASSETCATALOG_COMPILER_APPICON_NAME = AppIcon;
				ASSETCATALOG_COMPILER_GLOBAL_ACCENT_COLOR_NAME = AccentColor;
				CODE_SIGN_ENTITLEMENTS = xai/xai.entitlements;
				CODE_SIGN_STYLE = Automatic;
				COMBINE_HIDPI_IMAGES = YES;
				CURRENT_PROJECT_VERSION = 1;
				DEVELOPMENT_ASSET_PATHS = "\"xai/Preview Content\"";
				DEVELOPMENT_TEAM = 98QB3XUU8H;
				ENABLE_HARDENED_RUNTIME = YES;
				ENABLE_PREVIEWS = YES;
				GENERATE_INFOPLIST_FILE = YES;
				INFOPLIST_KEY_NSHumanReadableCopyright = "";
				LD_RUNPATH_SEARCH_PATHS = (
					"$(inherited)",
					"@executable_path/../Frameworks",
				);
				MACOSX_DEPLOYMENT_TARGET = 14.0;
				MARKETING_VERSION = 1.0;
				PRODUCT_BUNDLE_IDENTIFIER = gg.skg.xai;
				PRODUCT_NAME = "$(TARGET_NAME)";
				SWIFT_EMIT_LOC_STRINGS = YES;
				SWIFT_VERSION = 5.0;
			};
			name = Debug;
		};
		4D40BDA82D67202800AB781E /* Release */ = {
			isa = XCBuildConfiguration;
			buildSettings = {
				ASSETCATALOG_COMPILER_APPICON_NAME = AppIcon;
				ASSETCATALOG_COMPILER_GLOBAL_ACCENT_COLOR_NAME = AccentColor;
				CODE_SIGN_ENTITLEMENTS = xai/xai.entitlements;
				CODE_SIGN_STYLE = Automatic;
				COMBINE_HIDPI_IMAGES = YES;
				CURRENT_PROJECT_VERSION = 1;
				DEVELOPMENT_ASSET_PATHS = "\"xai/Preview Content\"";
				DEVELOPMENT_TEAM = 98QB3XUU8H;
				ENABLE_HARDENED_RUNTIME = YES;
				ENABLE_PREVIEWS = YES;
				GENERATE_INFOPLIST_FILE = YES;
				INFOPLIST_KEY_NSHumanReadableCopyright = "";
				LD_RUNPATH_SEARCH_PATHS = (
					"$(inherited)",
					"@executable_path/../Frameworks",
				);
				MACOSX_DEPLOYMENT_TARGET = 14.0;
				MARKETING_VERSION = 1.0;
				PRODUCT_BUNDLE_IDENTIFIER = gg.skg.xai;
				PRODUCT_NAME = "$(TARGET_NAME)";
				SWIFT_EMIT_LOC_STRINGS = YES;
				SWIFT_VERSION = 5.0;
			};
			name = Release;
		};
		4D40BDAA2D67202800AB781E /* Debug */ = {
			isa = XCBuildConfiguration;
			buildSettings = {
				BUNDLE_LOADER = "$(TEST_HOST)";
				CODE_SIGN_STYLE = Automatic;
				CURRENT_PROJECT_VERSION = 1;
				DEVELOPMENT_TEAM = 98QB3XUU8H;
				GENERATE_INFOPLIST_FILE = YES;
				MACOSX_DEPLOYMENT_TARGET = 14.0;
				MARKETING_VERSION = 1.0;
				PRODUCT_BUNDLE_IDENTIFIER = gg.skg.xaiTests;
				PRODUCT_NAME = "$(TARGET_NAME)";
				SWIFT_EMIT_LOC_STRINGS = NO;
				SWIFT_VERSION = 5.0;
				TEST_HOST = "$(BUILT_PRODUCTS_DIR)/xai.app/$(BUNDLE_EXECUTABLE_FOLDER_PATH)/xai";
			};
			name = Debug;
		};
		4D40BDAB2D67202800AB781E /* Release */ = {
			isa = XCBuildConfiguration;
			buildSettings = {
				BUNDLE_LOADER = "$(TEST_HOST)";
				CODE_SIGN_STYLE = Automatic;
				CURRENT_PROJECT_VERSION = 1;
				DEVELOPMENT_TEAM = 98QB3XUU8H;
				GENERATE_INFOPLIST_FILE = YES;
				MACOSX_DEPLOYMENT_TARGET = 14.0;
				MARKETING_VERSION = 1.0;
				PRODUCT_BUNDLE_IDENTIFIER = gg.skg.xaiTests;
				PRODUCT_NAME = "$(TARGET_NAME)";
				SWIFT_EMIT_LOC_STRINGS = NO;
				SWIFT_VERSION = 5.0;
				TEST_HOST = "$(BUILT_PRODUCTS_DIR)/xai.app/$(BUNDLE_EXECUTABLE_FOLDER_PATH)/xai";
			};
			name = Release;
		};
		4D40BDAD2D67202800AB781E /* Debug */ = {
			isa = XCBuildConfiguration;
			buildSettings = {
				CODE_SIGN_STYLE = Automatic;
				CURRENT_PROJECT_VERSION = 1;
				DEVELOPMENT_TEAM = 98QB3XUU8H;
				GENERATE_INFOPLIST_FILE = YES;
				MARKETING_VERSION = 1.0;
				PRODUCT_BUNDLE_IDENTIFIER = gg.skg.xaiUITests;
				PRODUCT_NAME = "$(TARGET_NAME)";
				SWIFT_EMIT_LOC_STRINGS = NO;
				SWIFT_VERSION = 5.0;
				TEST_TARGET_NAME = xai;
			};
			name = Debug;
		};
		4D40BDAE2D67202800AB781E /* Release */ = {
			isa = XCBuildConfiguration;
			buildSettings = {
				CODE_SIGN_STYLE = Automatic;
				CURRENT_PROJECT_VERSION = 1;
				DEVELOPMENT_TEAM = 98QB3XUU8H;
				GENERATE_INFOPLIST_FILE = YES;
				MARKETING_VERSION = 1.0;
				PRODUCT_BUNDLE_IDENTIFIER = gg.skg.xaiUITests;
				PRODUCT_NAME = "$(TARGET_NAME)";
				SWIFT_EMIT_LOC_STRINGS = NO;
				SWIFT_VERSION = 5.0;
				TEST_TARGET_NAME = xai;
			};
			name = Release;
		};
/* End XCBuildConfiguration section */

/* Begin XCConfigurationList section */
		4D40BD7A2D67202600AB781E /* Build configuration list for PBXProject "xai" */ = {
			isa = XCConfigurationList;
			buildConfigurations = (
				4D40BDA42D67202800AB781E /* Debug */,
				4D40BDA52D67202800AB781E /* Release */,
			);
			defaultConfigurationIsVisible = 0;
			defaultConfigurationName = Release;
		};
		4D40BDA62D67202800AB781E /* Build configuration list for PBXNativeTarget "xai" */ = {
			isa = XCConfigurationList;
			buildConfigurations = (
				4D40BDA72D67202800AB781E /* Debug */,
				4D40BDA82D67202800AB781E /* Release */,
			);
			defaultConfigurationIsVisible = 0;
			defaultConfigurationName = Release;
		};
		4D40BDA92D67202800AB781E /* Build configuration list for PBXNativeTarget "xaiTests" */ = {
			isa = XCConfigurationList;
			buildConfigurations = (
				4D40BDAA2D67202800AB781E /* Debug */,
				4D40BDAB2D67202800AB781E /* Release */,
			);
			defaultConfigurationIsVisible = 0;
			defaultConfigurationName = Release;
		};
		4D40BDAC2D67202800AB781E /* Build configuration list for PBXNativeTarget "xaiUITests" */ = {
			isa = XCConfigurationList;
			buildConfigurations = (
				4D40BDAD2D67202800AB781E /* Debug */,
				4D40BDAE2D67202800AB781E /* Release */,
			);
			defaultConfigurationIsVisible = 0;
			defaultConfigurationName = Release;
		};
/* End XCConfigurationList section */
	};
	rootObject = 4D40BD772D67202600AB781E /* Project object */;
}
